// !$*UTF8*$!
{
	archiveVersion = 1;
	classes = {
	};
	objectVersion = 56;
	objects = {

/* Begin PBXBuildFile section */
		9218EC072C871A8A00FDB91E /* BottomSheetViewController.swift in Sources */ = {isa = PBXBuildFile; fileRef = 9218EC052C871A8A00FDB91E /* BottomSheetViewController.swift */; };
		9218EC082C871A8A00FDB91E /* BottomSheetViewController.xib in Resources */ = {isa = PBXBuildFile; fileRef = 9218EC062C871A8A00FDB91E /* BottomSheetViewController.xib */; };
		923287E22C80D562002E1A30 /* AppDelegate.swift in Sources */ = {isa = PBXBuildFile; fileRef = 923287E12C80D562002E1A30 /* AppDelegate.swift */; };
		923287E42C80D562002E1A30 /* SceneDelegate.swift in Sources */ = {isa = PBXBuildFile; fileRef = 923287E32C80D562002E1A30 /* SceneDelegate.swift */; };
		923287E62C80D562002E1A30 /* ViewController.swift in Sources */ = {isa = PBXBuildFile; fileRef = 923287E52C80D562002E1A30 /* ViewController.swift */; };
		923287E92C80D562002E1A30 /* Base in Resources */ = {isa = PBXBuildFile; fileRef = 923287E82C80D562002E1A30 /* Base */; };
		923287EB2C80D567002E1A30 /* Assets.xcassets in Resources */ = {isa = PBXBuildFile; fileRef = 923287EA2C80D567002E1A30 /* Assets.xcassets */; };
		923287EE2C80D567002E1A30 /* Base in Resources */ = {isa = PBXBuildFile; fileRef = 923287ED2C80D567002E1A30 /* Base */; };
		923287FD2C80D9EF002E1A30 /* CarouselListViewController.swift in Sources */ = {isa = PBXBuildFile; fileRef = 923287FB2C80D9EF002E1A30 /* CarouselListViewController.swift */; };
		923287FE2C80D9EF002E1A30 /* CarouselListViewController.xib in Resources */ = {isa = PBXBuildFile; fileRef = 923287FC2C80D9EF002E1A30 /* CarouselListViewController.xib */; };
		923288072C80E3D9002E1A30 /* FinanceService.json in Resources */ = {isa = PBXBuildFile; fileRef = 923288062C80E3D0002E1A30 /* FinanceService.json */; };
		9232880A2C80E4A6002E1A30 /* UICollectionView+Extension.swift in Sources */ = {isa = PBXBuildFile; fileRef = 923288092C80E4A6002E1A30 /* UICollectionView+Extension.swift */; };
		9232880E2C80E533002E1A30 /* CarouselCell.swift in Sources */ = {isa = PBXBuildFile; fileRef = 9232880C2C80E533002E1A30 /* CarouselCell.swift */; };
		9232880F2C80E533002E1A30 /* CarouselCell.xib in Resources */ = {isa = PBXBuildFile; fileRef = 9232880D2C80E533002E1A30 /* CarouselCell.xib */; };
		923288122C80E5A7002E1A30 /* CarouselList+Delegate.swift in Sources */ = {isa = PBXBuildFile; fileRef = 923288112C80E5A7002E1A30 /* CarouselList+Delegate.swift */; };
		923288142C80E5B7002E1A30 /* CarouselList+DataSource.swift in Sources */ = {isa = PBXBuildFile; fileRef = 923288132C80E5B7002E1A30 /* CarouselList+DataSource.swift */; };
		923288162C80FD43002E1A30 /* CarouseListModel.swift in Sources */ = {isa = PBXBuildFile; fileRef = 923288152C80FD43002E1A30 /* CarouseListModel.swift */; };
		9232881A2C811404002E1A30 /* CarouselListCell.swift in Sources */ = {isa = PBXBuildFile; fileRef = 923288182C811404002E1A30 /* CarouselListCell.swift */; };
		9232881B2C811404002E1A30 /* CarouselListCell.xib in Resources */ = {isa = PBXBuildFile; fileRef = 923288192C811404002E1A30 /* CarouselListCell.xib */; };
		923288282C81A26B002E1A30 /* SearchView.swift in Sources */ = {isa = PBXBuildFile; fileRef = 923288272C81A26B002E1A30 /* SearchView.swift */; };
		9232882A2C81A643002E1A30 /* PageControlView.swift in Sources */ = {isa = PBXBuildFile; fileRef = 923288292C81A643002E1A30 /* PageControlView.swift */; };
		925DD0E72C858DFD00170858 /* JsonFileLoader.swift in Sources */ = {isa = PBXBuildFile; fileRef = 925DD0E62C858DFD00170858 /* JsonFileLoader.swift */; };
		925DD0E92C85931300170858 /* ImageLoadExtension.swift in Sources */ = {isa = PBXBuildFile; fileRef = 925DD0E82C85931300170858 /* ImageLoadExtension.swift */; };
		92C35C162C83514F00C69EDA /* CarouselViewModel.swift in Sources */ = {isa = PBXBuildFile; fileRef = 92C35C152C83514F00C69EDA /* CarouselViewModel.swift */; };
/* End PBXBuildFile section */

/* Begin PBXFileReference section */
		9218EC052C871A8A00FDB91E /* BottomSheetViewController.swift */ = {isa = PBXFileReference; lastKnownFileType = sourcecode.swift; path = BottomSheetViewController.swift; sourceTree = "<group>"; };
		9218EC062C871A8A00FDB91E /* BottomSheetViewController.xib */ = {isa = PBXFileReference; lastKnownFileType = file.xib; path = BottomSheetViewController.xib; sourceTree = "<group>"; };
		923287DE2C80D562002E1A30 /* IlaBankTask.app */ = {isa = PBXFileReference; explicitFileType = wrapper.application; includeInIndex = 0; path = IlaBankTask.app; sourceTree = BUILT_PRODUCTS_DIR; };
		923287E12C80D562002E1A30 /* AppDelegate.swift */ = {isa = PBXFileReference; lastKnownFileType = sourcecode.swift; path = AppDelegate.swift; sourceTree = "<group>"; };
		923287E32C80D562002E1A30 /* SceneDelegate.swift */ = {isa = PBXFileReference; lastKnownFileType = sourcecode.swift; path = SceneDelegate.swift; sourceTree = "<group>"; };
		923287E52C80D562002E1A30 /* ViewController.swift */ = {isa = PBXFileReference; lastKnownFileType = sourcecode.swift; path = ViewController.swift; sourceTree = "<group>"; };
		923287E82C80D562002E1A30 /* Base */ = {isa = PBXFileReference; lastKnownFileType = file.storyboard; name = Base; path = Base.lproj/Main.storyboard; sourceTree = "<group>"; };
		923287EA2C80D567002E1A30 /* Assets.xcassets */ = {isa = PBXFileReference; lastKnownFileType = folder.assetcatalog; path = Assets.xcassets; sourceTree = "<group>"; };
		923287ED2C80D567002E1A30 /* Base */ = {isa = PBXFileReference; lastKnownFileType = file.storyboard; name = Base; path = Base.lproj/LaunchScreen.storyboard; sourceTree = "<group>"; };
		923287EF2C80D567002E1A30 /* Info.plist */ = {isa = PBXFileReference; lastKnownFileType = text.plist.xml; path = Info.plist; sourceTree = "<group>"; };
		923287FB2C80D9EF002E1A30 /* CarouselListViewController.swift */ = {isa = PBXFileReference; lastKnownFileType = sourcecode.swift; path = CarouselListViewController.swift; sourceTree = "<group>"; };
		923287FC2C80D9EF002E1A30 /* CarouselListViewController.xib */ = {isa = PBXFileReference; lastKnownFileType = file.xib; path = CarouselListViewController.xib; sourceTree = "<group>"; };
		923288062C80E3D0002E1A30 /* FinanceService.json */ = {isa = PBXFileReference; lastKnownFileType = text.json; path = FinanceService.json; sourceTree = "<group>"; };
		923288092C80E4A6002E1A30 /* UICollectionView+Extension.swift */ = {isa = PBXFileReference; lastKnownFileType = sourcecode.swift; path = "UICollectionView+Extension.swift"; sourceTree = "<group>"; };
		9232880C2C80E533002E1A30 /* CarouselCell.swift */ = {isa = PBXFileReference; lastKnownFileType = sourcecode.swift; path = CarouselCell.swift; sourceTree = "<group>"; };
		9232880D2C80E533002E1A30 /* CarouselCell.xib */ = {isa = PBXFileReference; lastKnownFileType = file.xib; path = CarouselCell.xib; sourceTree = "<group>"; };
		923288112C80E5A7002E1A30 /* CarouselList+Delegate.swift */ = {isa = PBXFileReference; lastKnownFileType = sourcecode.swift; path = "CarouselList+Delegate.swift"; sourceTree = "<group>"; };
		923288132C80E5B7002E1A30 /* CarouselList+DataSource.swift */ = {isa = PBXFileReference; lastKnownFileType = sourcecode.swift; path = "CarouselList+DataSource.swift"; sourceTree = "<group>"; };
		923288152C80FD43002E1A30 /* CarouseListModel.swift */ = {isa = PBXFileReference; lastKnownFileType = sourcecode.swift; path = CarouseListModel.swift; sourceTree = "<group>"; };
		923288182C811404002E1A30 /* CarouselListCell.swift */ = {isa = PBXFileReference; lastKnownFileType = sourcecode.swift; path = CarouselListCell.swift; sourceTree = "<group>"; };
		923288192C811404002E1A30 /* CarouselListCell.xib */ = {isa = PBXFileReference; lastKnownFileType = file.xib; path = CarouselListCell.xib; sourceTree = "<group>"; };
		923288272C81A26B002E1A30 /* SearchView.swift */ = {isa = PBXFileReference; lastKnownFileType = sourcecode.swift; path = SearchView.swift; sourceTree = "<group>"; };
		923288292C81A643002E1A30 /* PageControlView.swift */ = {isa = PBXFileReference; lastKnownFileType = sourcecode.swift; path = PageControlView.swift; sourceTree = "<group>"; };
		925DD0E62C858DFD00170858 /* JsonFileLoader.swift */ = {isa = PBXFileReference; lastKnownFileType = sourcecode.swift; path = JsonFileLoader.swift; sourceTree = "<group>"; };
		925DD0E82C85931300170858 /* ImageLoadExtension.swift */ = {isa = PBXFileReference; lastKnownFileType = sourcecode.swift; path = ImageLoadExtension.swift; sourceTree = "<group>"; };
		92C35C152C83514F00C69EDA /* CarouselViewModel.swift */ = {isa = PBXFileReference; lastKnownFileType = sourcecode.swift; path = CarouselViewModel.swift; sourceTree = "<group>"; };
/* End PBXFileReference section */

/* Begin PBXFrameworksBuildPhase section */
		923287DB2C80D562002E1A30 /* Frameworks */ = {
			isa = PBXFrameworksBuildPhase;
			buildActionMask = 2147483647;
			files = (
			);
			runOnlyForDeploymentPostprocessing = 0;
		};
/* End PBXFrameworksBuildPhase section */

/* Begin PBXGroup section */
		9218EC042C8719EB00FDB91E /* BottomSheet */ = {
			isa = PBXGroup;
			children = (
				9218EC052C871A8A00FDB91E /* BottomSheetViewController.swift */,
				9218EC062C871A8A00FDB91E /* BottomSheetViewController.xib */,
			);
			path = BottomSheet;
			sourceTree = "<group>";
		};
		923287D52C80D562002E1A30 = {
			isa = PBXGroup;
			children = (
				923287E02C80D562002E1A30 /* IlaBankTask */,
				923287DF2C80D562002E1A30 /* Products */,
			);
			sourceTree = "<group>";
		};
		923287DF2C80D562002E1A30 /* Products */ = {
			isa = PBXGroup;
			children = (
				923287DE2C80D562002E1A30 /* IlaBankTask.app */,
			);
			name = Products;
			sourceTree = "<group>";
		};
		923287E02C80D562002E1A30 /* IlaBankTask */ = {
			isa = PBXGroup;
			children = (
				923287E12C80D562002E1A30 /* AppDelegate.swift */,
				923287E32C80D562002E1A30 /* SceneDelegate.swift */,
				923288082C80E48E002E1A30 /* Extensions */,
				923287F52C80D57A002E1A30 /* Scenes */,
				923288052C80E3AB002E1A30 /* Resources */,
				923287E52C80D562002E1A30 /* ViewController.swift */,
				923287E72C80D562002E1A30 /* Main.storyboard */,
				923287EA2C80D567002E1A30 /* Assets.xcassets */,
				923287EC2C80D567002E1A30 /* LaunchScreen.storyboard */,
				923287EF2C80D567002E1A30 /* Info.plist */,
			);
			path = IlaBankTask;
			sourceTree = "<group>";
		};
		923287F52C80D57A002E1A30 /* Scenes */ = {
			isa = PBXGroup;
			children = (
				9218EC042C8719EB00FDB91E /* BottomSheet */,
				923287F62C80D957002E1A30 /* CarouselView */,
			);
			path = Scenes;
			sourceTree = "<group>";
		};
		923287F62C80D957002E1A30 /* CarouselView */ = {
			isa = PBXGroup;
			children = (
				9232880B2C80E4DE002E1A30 /* Cells */,
				923287F92C80D983002E1A30 /* Model */,
				923287F82C80D97D002E1A30 /* ViewModel */,
				923287F72C80D977002E1A30 /* View */,
				923287FA2C80D9C4002E1A30 /* ViewController */,
			);
			path = CarouselView;
			sourceTree = "<group>";
		};
		923287F72C80D977002E1A30 /* View */ = {
			isa = PBXGroup;
			children = (
				923287FC2C80D9EF002E1A30 /* CarouselListViewController.xib */,
			);
			path = View;
			sourceTree = "<group>";
		};
		923287F82C80D97D002E1A30 /* ViewModel */ = {
			isa = PBXGroup;
			children = (
				92C35C152C83514F00C69EDA /* CarouselViewModel.swift */,
			);
			path = ViewModel;
			sourceTree = "<group>";
		};
		923287F92C80D983002E1A30 /* Model */ = {
			isa = PBXGroup;
			children = (
				923288152C80FD43002E1A30 /* CarouseListModel.swift */,
			);
			path = Model;
			sourceTree = "<group>";
		};
		923287FA2C80D9C4002E1A30 /* ViewController */ = {
			isa = PBXGroup;
			children = (
				923287FB2C80D9EF002E1A30 /* CarouselListViewController.swift */,
				923288112C80E5A7002E1A30 /* CarouselList+Delegate.swift */,
				923288132C80E5B7002E1A30 /* CarouselList+DataSource.swift */,
			);
			path = ViewController;
			sourceTree = "<group>";
		};
		923288052C80E3AB002E1A30 /* Resources */ = {
			isa = PBXGroup;
			children = (
				923288062C80E3D0002E1A30 /* FinanceService.json */,
			);
			path = Resources;
			sourceTree = "<group>";
		};
		923288082C80E48E002E1A30 /* Extensions */ = {
			isa = PBXGroup;
			children = (
				923288092C80E4A6002E1A30 /* UICollectionView+Extension.swift */,
				925DD0E62C858DFD00170858 /* JsonFileLoader.swift */,
				925DD0E82C85931300170858 /* ImageLoadExtension.swift */,
			);
			path = Extensions;
			sourceTree = "<group>";
		};
		9232880B2C80E4DE002E1A30 /* Cells */ = {
			isa = PBXGroup;
			children = (
				9232881C2C819987002E1A30 /* SearchView */,
				923288172C8113F1002E1A30 /* ListCell */,
				923288102C80E54B002E1A30 /* CarouselCell */,
			);
			path = Cells;
			sourceTree = "<group>";
		};
		923288102C80E54B002E1A30 /* CarouselCell */ = {
			isa = PBXGroup;
			children = (
				9232880C2C80E533002E1A30 /* CarouselCell.swift */,
				9232880D2C80E533002E1A30 /* CarouselCell.xib */,
			);
			path = CarouselCell;
			sourceTree = "<group>";
		};
		923288172C8113F1002E1A30 /* ListCell */ = {
			isa = PBXGroup;
			children = (
				923288182C811404002E1A30 /* CarouselListCell.swift */,
				923288192C811404002E1A30 /* CarouselListCell.xib */,
			);
			path = ListCell;
			sourceTree = "<group>";
		};
		9232881C2C819987002E1A30 /* SearchView */ = {
			isa = PBXGroup;
			children = (
				923288272C81A26B002E1A30 /* SearchView.swift */,
				923288292C81A643002E1A30 /* PageControlView.swift */,
			);
			path = SearchView;
			sourceTree = "<group>";
		};
/* End PBXGroup section */

/* Begin PBXNativeTarget section */
		923287DD2C80D562002E1A30 /* IlaBankTask */ = {
			isa = PBXNativeTarget;
			buildConfigurationList = 923287F22C80D567002E1A30 /* Build configuration list for PBXNativeTarget "IlaBankTask" */;
			buildPhases = (
				923287DA2C80D562002E1A30 /* Sources */,
				923287DB2C80D562002E1A30 /* Frameworks */,
				923287DC2C80D562002E1A30 /* Resources */,
			);
			buildRules = (
			);
			dependencies = (
			);
			name = IlaBankTask;
			productName = IlaBankTask;
			productReference = 923287DE2C80D562002E1A30 /* IlaBankTask.app */;
			productType = "com.apple.product-type.application";
		};
/* End PBXNativeTarget section */

/* Begin PBXProject section */
		923287D62C80D562002E1A30 /* Project object */ = {
			isa = PBXProject;
			attributes = {
				BuildIndependentTargetsInParallel = 1;
				LastSwiftUpdateCheck = 1540;
				LastUpgradeCheck = 1540;
				TargetAttributes = {
					923287DD2C80D562002E1A30 = {
						CreatedOnToolsVersion = 15.4;
					};
				};
			};
			buildConfigurationList = 923287D92C80D562002E1A30 /* Build configuration list for PBXProject "IlaBankTask" */;
			compatibilityVersion = "Xcode 14.0";
			developmentRegion = en;
			hasScannedForEncodings = 0;
			knownRegions = (
				en,
				Base,
			);
			mainGroup = 923287D52C80D562002E1A30;
			productRefGroup = 923287DF2C80D562002E1A30 /* Products */;
			projectDirPath = "";
			projectRoot = "";
			targets = (
				923287DD2C80D562002E1A30 /* IlaBankTask */,
			);
		};
/* End PBXProject section */

/* Begin PBXResourcesBuildPhase section */
		923287DC2C80D562002E1A30 /* Resources */ = {
			isa = PBXResourcesBuildPhase;
			buildActionMask = 2147483647;
			files = (
				923287FE2C80D9EF002E1A30 /* CarouselListViewController.xib in Resources */,
				923287EB2C80D567002E1A30 /* Assets.xcassets in Resources */,
				923288072C80E3D9002E1A30 /* FinanceService.json in Resources */,
				9218EC082C871A8A00FDB91E /* BottomSheetViewController.xib in Resources */,
				923287EE2C80D567002E1A30 /* Base in Resources */,
				923287E92C80D562002E1A30 /* Base in Resources */,
				9232880F2C80E533002E1A30 /* CarouselCell.xib in Resources */,
				9232881B2C811404002E1A30 /* CarouselListCell.xib in Resources */,
			);
			runOnlyForDeploymentPostprocessing = 0;
		};
/* End PBXResourcesBuildPhase section */

/* Begin PBXSourcesBuildPhase section */
		923287DA2C80D562002E1A30 /* Sources */ = {
			isa = PBXSourcesBuildPhase;
			buildActionMask = 2147483647;
			files = (
				923288142C80E5B7002E1A30 /* CarouselList+DataSource.swift in Sources */,
				923287FD2C80D9EF002E1A30 /* CarouselListViewController.swift in Sources */,
				925DD0E92C85931300170858 /* ImageLoadExtension.swift in Sources */,
				9232880A2C80E4A6002E1A30 /* UICollectionView+Extension.swift in Sources */,
				923288282C81A26B002E1A30 /* SearchView.swift in Sources */,
				925DD0E72C858DFD00170858 /* JsonFileLoader.swift in Sources */,
				923288122C80E5A7002E1A30 /* CarouselList+Delegate.swift in Sources */,
				9218EC072C871A8A00FDB91E /* BottomSheetViewController.swift in Sources */,
				9232882A2C81A643002E1A30 /* PageControlView.swift in Sources */,
				923287E62C80D562002E1A30 /* ViewController.swift in Sources */,
				9232880E2C80E533002E1A30 /* CarouselCell.swift in Sources */,
				923287E22C80D562002E1A30 /* AppDelegate.swift in Sources */,
				923288162C80FD43002E1A30 /* CarouseListModel.swift in Sources */,
				92C35C162C83514F00C69EDA /* CarouselViewModel.swift in Sources */,
				923287E42C80D562002E1A30 /* SceneDelegate.swift in Sources */,
				9232881A2C811404002E1A30 /* CarouselListCell.swift in Sources */,
			);
			runOnlyForDeploymentPostprocessing = 0;
		};
/* End PBXSourcesBuildPhase section */

/* Begin PBXVariantGroup section */
		923287E72C80D562002E1A30 /* Main.storyboard */ = {
			isa = PBXVariantGroup;
			children = (
				923287E82C80D562002E1A30 /* Base */,
			);
			name = Main.storyboard;
			sourceTree = "<group>";
		};
		923287EC2C80D567002E1A30 /* LaunchScreen.storyboard */ = {
			isa = PBXVariantGroup;
			children = (
				923287ED2C80D567002E1A30 /* Base */,
			);
			name = LaunchScreen.storyboard;
			sourceTree = "<group>";
		};
/* End PBXVariantGroup section */

/* Begin XCBuildConfiguration section */
		923287F02C80D567002E1A30 /* Debug */ = {
			isa = XCBuildConfiguration;
			buildSettings = {
				ALWAYS_SEARCH_USER_PATHS = NO;
				ASSETCATALOG_COMPILER_GENERATE_SWIFT_ASSET_SYMBOL_EXTENSIONS = YES;
				CLANG_ANALYZER_NONNULL = YES;
				CLANG_ANALYZER_NUMBER_OBJECT_CONVERSION = YES_AGGRESSIVE;
				CLANG_CXX_LANGUAGE_STANDARD = "gnu++20";
				CLANG_ENABLE_MODULES = YES;
				CLANG_ENABLE_OBJC_ARC = YES;
				CLANG_ENABLE_OBJC_WEAK = YES;
				CLANG_WARN_BLOCK_CAPTURE_AUTORELEASING = YES;
				CLANG_WARN_BOOL_CONVERSION = YES;
				CLANG_WARN_COMMA = YES;
				CLANG_WARN_CONSTANT_CONVERSION = YES;
				CLANG_WARN_DEPRECATED_OBJC_IMPLEMENTATIONS = YES;
				CLANG_WARN_DIRECT_OBJC_ISA_USAGE = YES_ERROR;
				CLANG_WARN_DOCUMENTATION_COMMENTS = YES;
				CLANG_WARN_EMPTY_BODY = YES;
				CLANG_WARN_ENUM_CONVERSION = YES;
				CLANG_WARN_INFINITE_RECURSION = YES;
				CLANG_WARN_INT_CONVERSION = YES;
				CLANG_WARN_NON_LITERAL_NULL_CONVERSION = YES;
				CLANG_WARN_OBJC_IMPLICIT_RETAIN_SELF = YES;
				CLANG_WARN_OBJC_LITERAL_CONVERSION = YES;
				CLANG_WARN_OBJC_ROOT_CLASS = YES_ERROR;
				CLANG_WARN_QUOTED_INCLUDE_IN_FRAMEWORK_HEADER = YES;
				CLANG_WARN_RANGE_LOOP_ANALYSIS = YES;
				CLANG_WARN_STRICT_PROTOTYPES = YES;
				CLANG_WARN_SUSPICIOUS_MOVE = YES;
				CLANG_WARN_UNGUARDED_AVAILABILITY = YES_AGGRESSIVE;
				CLANG_WARN_UNREACHABLE_CODE = YES;
				CLANG_WARN__DUPLICATE_METHOD_MATCH = YES;
				COPY_PHASE_STRIP = NO;
				DEBUG_INFORMATION_FORMAT = dwarf;
				ENABLE_STRICT_OBJC_MSGSEND = YES;
				ENABLE_TESTABILITY = YES;
				ENABLE_USER_SCRIPT_SANDBOXING = YES;
				GCC_C_LANGUAGE_STANDARD = gnu17;
				GCC_DYNAMIC_NO_PIC = NO;
				GCC_NO_COMMON_BLOCKS = YES;
				GCC_OPTIMIZATION_LEVEL = 0;
				GCC_PREPROCESSOR_DEFINITIONS = (
					"DEBUG=1",
					"$(inherited)",
				);
				GCC_WARN_64_TO_32_BIT_CONVERSION = YES;
				GCC_WARN_ABOUT_RETURN_TYPE = YES_ERROR;
				GCC_WARN_UNDECLARED_SELECTOR = YES;
				GCC_WARN_UNINITIALIZED_AUTOS = YES_AGGRESSIVE;
				GCC_WARN_UNUSED_FUNCTION = YES;
				GCC_WARN_UNUSED_VARIABLE = YES;
				IPHONEOS_DEPLOYMENT_TARGET = 17.5;
				LOCALIZATION_PREFERS_STRING_CATALOGS = YES;
				MTL_ENABLE_DEBUG_INFO = INCLUDE_SOURCE;
				MTL_FAST_MATH = YES;
				ONLY_ACTIVE_ARCH = YES;
				SDKROOT = iphoneos;
				SWIFT_ACTIVE_COMPILATION_CONDITIONS = "DEBUG $(inherited)";
				SWIFT_OPTIMIZATION_LEVEL = "-Onone";
			};
			name = Debug;
		};
		923287F12C80D567002E1A30 /* Release */ = {
			isa = XCBuildConfiguration;
			buildSettings = {
				ALWAYS_SEARCH_USER_PATHS = NO;
				ASSETCATALOG_COMPILER_GENERATE_SWIFT_ASSET_SYMBOL_EXTENSIONS = YES;
				CLANG_ANALYZER_NONNULL = YES;
				CLANG_ANALYZER_NUMBER_OBJECT_CONVERSION = YES_AGGRESSIVE;
				CLANG_CXX_LANGUAGE_STANDARD = "gnu++20";
				CLANG_ENABLE_MODULES = YES;
				CLANG_ENABLE_OBJC_ARC = YES;
				CLANG_ENABLE_OBJC_WEAK = YES;
				CLANG_WARN_BLOCK_CAPTURE_AUTORELEASING = YES;
				CLANG_WARN_BOOL_CONVERSION = YES;
				CLANG_WARN_COMMA = YES;
				CLANG_WARN_CONSTANT_CONVERSION = YES;
				CLANG_WARN_DEPRECATED_OBJC_IMPLEMENTATIONS = YES;
				CLANG_WARN_DIRECT_OBJC_ISA_USAGE = YES_ERROR;
				CLANG_WARN_DOCUMENTATION_COMMENTS = YES;
				CLANG_WARN_EMPTY_BODY = YES;
				CLANG_WARN_ENUM_CONVERSION = YES;
				CLANG_WARN_INFINITE_RECURSION = YES;
				CLANG_WARN_INT_CONVERSION = YES;
				CLANG_WARN_NON_LITERAL_NULL_CONVERSION = YES;
				CLANG_WARN_OBJC_IMPLICIT_RETAIN_SELF = YES;
				CLANG_WARN_OBJC_LITERAL_CONVERSION = YES;
				CLANG_WARN_OBJC_ROOT_CLASS = YES_ERROR;
				CLANG_WARN_QUOTED_INCLUDE_IN_FRAMEWORK_HEADER = YES;
				CLANG_WARN_RANGE_LOOP_ANALYSIS = YES;
				CLANG_WARN_STRICT_PROTOTYPES = YES;
				CLANG_WARN_SUSPICIOUS_MOVE = YES;
				CLANG_WARN_UNGUARDED_AVAILABILITY = YES_AGGRESSIVE;
				CLANG_WARN_UNREACHABLE_CODE = YES;
				CLANG_WARN__DUPLICATE_METHOD_MATCH = YES;
				COPY_PHASE_STRIP = NO;
				DEBUG_INFORMATION_FORMAT = "dwarf-with-dsym";
				ENABLE_NS_ASSERTIONS = NO;
				ENABLE_STRICT_OBJC_MSGSEND = YES;
				ENABLE_USER_SCRIPT_SANDBOXING = YES;
				GCC_C_LANGUAGE_STANDARD = gnu17;
				GCC_NO_COMMON_BLOCKS = YES;
				GCC_WARN_64_TO_32_BIT_CONVERSION = YES;
				GCC_WARN_ABOUT_RETURN_TYPE = YES_ERROR;
				GCC_WARN_UNDECLARED_SELECTOR = YES;
				GCC_WARN_UNINITIALIZED_AUTOS = YES_AGGRESSIVE;
				GCC_WARN_UNUSED_FUNCTION = YES;
				GCC_WARN_UNUSED_VARIABLE = YES;
				IPHONEOS_DEPLOYMENT_TARGET = 17.5;
				LOCALIZATION_PREFERS_STRING_CATALOGS = YES;
				MTL_ENABLE_DEBUG_INFO = NO;
				MTL_FAST_MATH = YES;
				SDKROOT = iphoneos;
				SWIFT_COMPILATION_MODE = wholemodule;
				VALIDATE_PRODUCT = YES;
			};
			name = Release;
		};
		923287F32C80D567002E1A30 /* Debug */ = {
			isa = XCBuildConfiguration;
			buildSettings = {
				ASSETCATALOG_COMPILER_APPICON_NAME = AppIcon;
				ASSETCATALOG_COMPILER_GLOBAL_ACCENT_COLOR_NAME = AccentColor;
				CODE_SIGN_STYLE = Automatic;
				CURRENT_PROJECT_VERSION = 1;
				GENERATE_INFOPLIST_FILE = YES;
				INFOPLIST_FILE = IlaBankTask/Info.plist;
				INFOPLIST_KEY_UIApplicationSupportsIndirectInputEvents = YES;
				INFOPLIST_KEY_UILaunchStoryboardName = LaunchScreen;
				INFOPLIST_KEY_UIMainStoryboardFile = Main;
				INFOPLIST_KEY_UISupportedInterfaceOrientations_iPad = "UIInterfaceOrientationPortrait UIInterfaceOrientationPortraitUpsideDown UIInterfaceOrientationLandscapeLeft UIInterfaceOrientationLandscapeRight";
				INFOPLIST_KEY_UISupportedInterfaceOrientations_iPhone = "UIInterfaceOrientationPortrait UIInterfaceOrientationLandscapeLeft UIInterfaceOrientationLandscapeRight";
				IPHONEOS_DEPLOYMENT_TARGET = 15.0;
				LD_RUNPATH_SEARCH_PATHS = (
					"$(inherited)",
					"@executable_path/Frameworks",
				);
				MARKETING_VERSION = 1.0;
				PRODUCT_BUNDLE_IDENTIFIER = com.apple.IlaBankTask;
				PRODUCT_NAME = "$(TARGET_NAME)";
				SWIFT_EMIT_LOC_STRINGS = YES;
				SWIFT_VERSION = 5.0;
				TARGETED_DEVICE_FAMILY = "1,2";
			};
			name = Debug;
		};
		923287F42C80D567002E1A30 /* Release */ = {
			isa = XCBuildConfiguration;
			buildSettings = {
				ASSETCATALOG_COMPILER_APPICON_NAME = AppIcon;
				ASSETCATALOG_COMPILER_GLOBAL_ACCENT_COLOR_NAME = AccentColor;
				CODE_SIGN_STYLE = Automatic;
				CURRENT_PROJECT_VERSION = 1;
				GENERATE_INFOPLIST_FILE = YES;
				INFOPLIST_FILE = IlaBankTask/Info.plist;
				INFOPLIST_KEY_UIApplicationSupportsIndirectInputEvents = YES;
				INFOPLIST_KEY_UILaunchStoryboardName = LaunchScreen;
				INFOPLIST_KEY_UIMainStoryboardFile = Main;
				INFOPLIST_KEY_UISupportedInterfaceOrientations_iPad = "UIInterfaceOrientationPortrait UIInterfaceOrientationPortraitUpsideDown UIInterfaceOrientationLandscapeLeft UIInterfaceOrientationLandscapeRight";
				INFOPLIST_KEY_UISupportedInterfaceOrientations_iPhone = "UIInterfaceOrientationPortrait UIInterfaceOrientationLandscapeLeft UIInterfaceOrientationLandscapeRight";
				IPHONEOS_DEPLOYMENT_TARGET = 15.0;
				LD_RUNPATH_SEARCH_PATHS = (
					"$(inherited)",
					"@executable_path/Frameworks",
				);
				MARKETING_VERSION = 1.0;
				PRODUCT_BUNDLE_IDENTIFIER = com.apple.IlaBankTask;
				PRODUCT_NAME = "$(TARGET_NAME)";
				SWIFT_EMIT_LOC_STRINGS = YES;
				SWIFT_VERSION = 5.0;
				TARGETED_DEVICE_FAMILY = "1,2";
			};
			name = Release;
		};
/* End XCBuildConfiguration section */

/* Begin XCConfigurationList section */
		923287D92C80D562002E1A30 /* Build configuration list for PBXProject "IlaBankTask" */ = {
			isa = XCConfigurationList;
			buildConfigurations = (
				923287F02C80D567002E1A30 /* Debug */,
				923287F12C80D567002E1A30 /* Release */,
			);
			defaultConfigurationIsVisible = 0;
			defaultConfigurationName = Release;
		};
		923287F22C80D567002E1A30 /* Build configuration list for PBXNativeTarget "IlaBankTask" */ = {
			isa = XCConfigurationList;
			buildConfigurations = (
				923287F32C80D567002E1A30 /* Debug */,
				923287F42C80D567002E1A30 /* Release */,
			);
			defaultConfigurationIsVisible = 0;
			defaultConfigurationName = Release;
		};
/* End XCConfigurationList section */
	};
	rootObject = 923287D62C80D562002E1A30 /* Project object */;
}
